
Microsoft Visual Studio Solution File, Format Version 12.00
# Visual Studio Version 17
VisualStudioVersion = 17.5.33424.131
MinimumVisualStudioVersion = 10.0.40219.1
Project("{FAE04EC0-301F-11D3-BF4B-00C04F79EFBC}") = "ControleDeMedicamentos.ConsoleApp", "ControleDeMedicamentos.ConsoleApp\ControleDeMedicamentos.ConsoleApp.csproj", "{721ECD8C-58A3-4633-A7E8-CA8ED761E460}"
EndProject
Global
	GlobalSection(SolutionConfigurationPlatforms) = preSolution
		Debug|Any CPU = Debug|Any CPU
		Release|Any CPU = Release|Any CPU
	EndGlobalSection
	GlobalSection(ProjectConfigurationPlatforms) = postSolution
		{721ECD8C-58A3-4633-A7E8-CA8ED761E460}.Debug|Any CPU.ActiveCfg = Debug|Any CPU
		{721ECD8C-58A3-4633-A7E8-CA8ED761E460}.Debug|Any CPU.Build.0 = Debug|Any CPU
		{721ECD8C-58A3-4633-A7E8-CA8ED761E460}.Release|Any CPU.ActiveCfg = Release|Any CPU
		{721ECD8C-58A3-4633-A7E8-CA8ED761E460}.Release|Any CPU.Build.0 = Release|Any CPU
	EndGlobalSection
	GlobalSection(SolutionProperties) = preSolution
		HideSolutionNode = FALSE
	EndGlobalSection
	GlobalSection(ExtensibilityGlobals) = postSolution
		SolutionGuid = {EAF840E2-7228-49F9-9FA0-3371BF1FF664}
	EndGlobalSection
EndGlobal
